
Microsoft Visual Studio Solution File, Format Version 12.00
# Visual Studio Version 17
VisualStudioVersion = 17.5.33502.453
MinimumVisualStudioVersion = 10.0.40219.1
Project("{FAE04EC0-301F-11D3-BF4B-00C04F79EFBC}") = "ApiSaSTokenStorageTables", "ApiSaSTokenStorageTables\ApiSaSTokenStorageTables.csproj", "{6C3034EC-F468-4CF4-9873-AC99E2355AFB}"
EndProject
Global
	GlobalSection(SolutionConfigurationPlatforms) = preSolution
		Debug|Any CPU = Debug|Any CPU
		Release|Any CPU = Release|Any CPU
	EndGlobalSection
	GlobalSection(ProjectConfigurationPlatforms) = postSolution
		{6C3034EC-F468-4CF4-9873-AC99E2355AFB}.Debug|Any CPU.ActiveCfg = Debug|Any CPU
		{6C3034EC-F468-4CF4-9873-AC99E2355AFB}.Debug|Any CPU.Build.0 = Debug|Any CPU
		{6C3034EC-F468-4CF4-9873-AC99E2355AFB}.Release|Any CPU.ActiveCfg = Release|Any CPU
		{6C3034EC-F468-4CF4-9873-AC99E2355AFB}.Release|Any CPU.Build.0 = Release|Any CPU
	EndGlobalSection
	GlobalSection(SolutionProperties) = preSolution
		HideSolutionNode = FALSE
	EndGlobalSection
	GlobalSection(ExtensibilityGlobals) = postSolution
		SolutionGuid = {527599EF-83D9-4688-82A3-C9F1B77E9F42}
	EndGlobalSection
EndGlobal
